<Solution>
  <Folder Name="/Solution Items/">
    <File Path=".dockerignore" />
    <File Path=".editorconfig" />
  </Folder>
  <Folder Name="/src/">
    <Project Path="src/MeshSMO.Sensors.Application/MeshSMO.Sensors.Application.csproj" />
    <Project Path="src/MeshSMO.Sensors.DbMigrator/MeshSMO.Sensors.DbMigrator.csproj" />
    <Project Path="src/MeshSMO.Sensors.Domain/MeshSMO.Sensors.Domain.csproj" />
    <Project Path="src/MeshSMO.Sensors.Forecasting/MeshSMO.Sensors.Forecasting.csproj" />
    <Project Path="src/MeshSMO.Sensors.Gateway/MeshSMO.Sensors.Gateway.csproj" />
    <Project Path="src/MeshSMO.Sensors.Infrastructure/MeshSMO.Sensors.Infrastructure.csproj" />
    <Project Path="src/MeshSMO.Sensors.Web/MeshSMO.Sensors.Web.csproj" />
  </Folder>
  <Folder Name="/src/web/">
    <Project Path="src/web/MeshSMO.Sensors.Web.Client.esproj">
      <Build />
      <Deploy />
    </Project>
  </Folder>
  <Folder Name="/tests/">
    <Project Path="tests/MeshSMO.Sensors.ProtocolTests/MeshSMO.Sensors.ProtocolTests.csproj" />
    <Project Path="tests/MeshSMO.Sensors.UnitTests/MeshSMO.Sensors.UnitTests.csproj" />
  </Folder>
</Solution>
